
Microsoft Visual Studio Solution File, Format Version 12.00
# Visual Studio Version 17
Project("{8BC9CEB8-8B4A-11D0-8D11-00A0C91BC942}") = "ALL_BUILD", "ALL_BUILD.vcxproj", "{DE7151A5-BDA6-3C17-BF3D-DC2004EA9E57}"
	ProjectSection(ProjectDependencies) = postProject
		{F6100405-40B2-30DB-BD24-1C236C1FD176} = {F6100405-40B2-30DB-BD24-1C236C1FD176}
		{C6AF84AA-BD69-3BCA-9187-63B1AAE211F9} = {C6AF84AA-BD69-3BCA-9187-63B1AAE211F9}
	EndProjectSection
EndProject
Project("{8BC9CEB8-8B4A-11D0-8D11-00A0C91BC942}") = "CAI", "CAI.vcxproj", "{F6100405-40B2-30DB-BD24-1C236C1FD176}"
	ProjectSection(ProjectDependencies) = postProject
		{C6AF84AA-BD69-3BCA-9187-63B1AAE211F9} = {C6AF84AA-BD69-3BCA-9187-63B1AAE211F9}
	EndProjectSection
EndProject
Project("{8BC9CEB8-8B4A-11D0-8D11-00A0C91BC942}") = "ZERO_CHECK", "ZERO_CHECK.vcxproj", "{C6AF84AA-BD69-3BCA-9187-63B1AAE211F9}"
	ProjectSection(ProjectDependencies) = postProject
	EndProjectSection
EndProject
Global
	GlobalSection(SolutionConfigurationPlatforms) = preSolution
		Debug|x64 = Debug|x64
		Release|x64 = Release|x64
		MinSizeRel|x64 = MinSizeRel|x64
		RelWithDebInfo|x64 = RelWithDebInfo|x64
	EndGlobalSection
	GlobalSection(ProjectConfigurationPlatforms) = postSolution
		{DE7151A5-BDA6-3C17-BF3D-DC2004EA9E57}.Debug|x64.ActiveCfg = Debug|x64
		{DE7151A5-BDA6-3C17-BF3D-DC2004EA9E57}.Release|x64.ActiveCfg = Release|x64
		{DE7151A5-BDA6-3C17-BF3D-DC2004EA9E57}.MinSizeRel|x64.ActiveCfg = MinSizeRel|x64
		{DE7151A5-BDA6-3C17-BF3D-DC2004EA9E57}.RelWithDebInfo|x64.ActiveCfg = RelWithDebInfo|x64
		{F6100405-40B2-30DB-BD24-1C236C1FD176}.Debug|x64.ActiveCfg = Debug|x64
		{F6100405-40B2-30DB-BD24-1C236C1FD176}.Debug|x64.Build.0 = Debug|x64
		{F6100405-40B2-30DB-BD24-1C236C1FD176}.Release|x64.ActiveCfg = Release|x64
		{F6100405-40B2-30DB-BD24-1C236C1FD176}.Release|x64.Build.0 = Release|x64
		{F6100405-40B2-30DB-BD24-1C236C1FD176}.MinSizeRel|x64.ActiveCfg = MinSizeRel|x64
		{F6100405-40B2-30DB-BD24-1C236C1FD176}.MinSizeRel|x64.Build.0 = MinSizeRel|x64
		{F6100405-40B2-30DB-BD24-1C236C1FD176}.RelWithDebInfo|x64.ActiveCfg = RelWithDebInfo|x64
		{F6100405-40B2-30DB-BD24-1C236C1FD176}.RelWithDebInfo|x64.Build.0 = RelWithDebInfo|x64
		{C6AF84AA-BD69-3BCA-9187-63B1AAE211F9}.Debug|x64.ActiveCfg = Debug|x64
		{C6AF84AA-BD69-3BCA-9187-63B1AAE211F9}.Debug|x64.Build.0 = Debug|x64
		{C6AF84AA-BD69-3BCA-9187-63B1AAE211F9}.Release|x64.ActiveCfg = Release|x64
		{C6AF84AA-BD69-3BCA-9187-63B1AAE211F9}.Release|x64.Build.0 = Release|x64
		{C6AF84AA-BD69-3BCA-9187-63B1AAE211F9}.MinSizeRel|x64.ActiveCfg = MinSizeRel|x64
		{C6AF84AA-BD69-3BCA-9187-63B1AAE211F9}.MinSizeRel|x64.Build.0 = MinSizeRel|x64
		{C6AF84AA-BD69-3BCA-9187-63B1AAE211F9}.RelWithDebInfo|x64.ActiveCfg = RelWithDebInfo|x64
		{C6AF84AA-BD69-3BCA-9187-63B1AAE211F9}.RelWithDebInfo|x64.Build.0 = RelWithDebInfo|x64
	EndGlobalSection
	GlobalSection(ExtensibilityGlobals) = postSolution
		SolutionGuid = {3528A74D-9135-398D-BD39-67E6012769F0}
	EndGlobalSection
	GlobalSection(ExtensibilityAddIns) = postSolution
	EndGlobalSection
EndGlobal
