<?xml version="1.0" encoding="utf-8"?>
<Project ToolsVersion="4.0" xmlns="http://schemas.microsoft.com/developer/msbuild/2003">
  <ItemGroup>
    <Filter Include="Source Files">
      <UniqueIdentifier>{4FC737F1-C7A5-4376-A066-2A32D752A2FF}</UniqueIdentifier>
      <Extensions>cpp;c;cc;cxx;c++;cppm;ixx;def;odl;idl;hpj;bat;asm;asmx</Extensions>
    </Filter>
    <Filter Include="Header Files">
      <UniqueIdentifier>{93995380-89BD-4b04-88EB-625FBE52EBFB}</UniqueIdentifier>
      <Extensions>h;hh;hpp;hxx;h++;hm;inl;inc;ipp;xsd</Extensions>
    </Filter>
    <Filter Include="Resource Files">
      <UniqueIdentifier>{67DA6AB6-F800-4c08-8B7A-83BB121AAD01}</UniqueIdentifier>
      <Extensions>rc;ico;cur;bmp;dlg;rc2;rct;bin;rgs;gif;jpg;jpeg;jpe;resx;tiff;tif;png;wav;mfcribbon-ms</Extensions>
    </Filter>
    <Filter Include="Engine">
      <UniqueIdentifier>{1ae60113-e4df-4ab2-94b6-2aa2abb5996d}</UniqueIdentifier>
    </Filter>
    <Filter Include="Engine\Space">
      <UniqueIdentifier>{2de406cd-e19b-4c3b-aae9-79bebdaf021b}</UniqueIdentifier>
    </Filter>
    <Filter Include="Engine\Objects">
      <UniqueIdentifier>{4a6eb0d3-73e7-4559-9b60-2f4b3f1c7c11}</UniqueIdentifier>
    </Filter>
    <Filter Include="Engine\MultiMedia">
      <UniqueIdentifier>{e4ab4509-174a-4cb9-a6cc-08753f22ed83}</UniqueIdentifier>
    </Filter>
    <Filter Include="Engine\Physics">
      <UniqueIdentifier>{1d604f69-6834-4bce-ab22-81c9889120b6}</UniqueIdentifier>
    </Filter>
    <Filter Include="Engine\Interfaces">
      <UniqueIdentifier>{5b7dea44-9a31-4c1b-aa12-2985af9e0c9e}</UniqueIdentifier>
    </Filter>
    <Filter Include="AI_Elements">
      <UniqueIdentifier>{52245e7a-81de-4576-aac5-16e3b62c8a20}</UniqueIdentifier>
    </Filter>
    <Filter Include="Communications">
      <UniqueIdentifier>{4f9d31ba-0d31-4bbb-8cb7-a4fd807520f7}</UniqueIdentifier>
    </Filter>
    <Filter Include="Framework">
      <UniqueIdentifier>{4b98e61d-3422-4a51-8228-037c5715d79e}</UniqueIdentifier>
    </Filter>
    <Filter Include="MessageSystem">
      <UniqueIdentifier>{5be148d5-6e10-4ee0-b2e6-8c5120484b26}</UniqueIdentifier>
    </Filter>
    <Filter Include="AI_Elements\Interfaces">
      <UniqueIdentifier>{edc4505b-0abd-4923-9ccf-b557d378a430}</UniqueIdentifier>
    </Filter>
    <Filter Include="Communications\interfaces">
      <UniqueIdentifier>{a546d489-748c-48d0-8276-e82647807828}</UniqueIdentifier>
    </Filter>
    <Filter Include="InterpretingMessages">
      <UniqueIdentifier>{1c2a5038-87d0-45c1-981e-15446e66134f}</UniqueIdentifier>
    </Filter>
  </ItemGroup>
  <ItemGroup>
    <ClCompile Include="Source.cpp">
      <Filter>Source Files</Filter>
    </ClCompile>
    <ClCompile Include="Server_Communications\ClientThreadConnection.cpp">
      <Filter>Source Files</Filter>
    </ClCompile>
    <ClCompile Include="Server_Communications\MainServer.cpp">
      <Filter>Source Files</Filter>
    </ClCompile>
    <ClCompile Include="Server_Communications\PseudoServer.cpp">
      <Filter>Source Files</Filter>
    </ClCompile>
    <ClCompile Include="Framework\Framework.cpp">
      <Filter>Source Files</Filter>
    </ClCompile>
    <ClCompile Include="AI_Elements\agent.cpp">
      <Filter>Source Files</Filter>
    </ClCompile>
    <ClCompile Include="Graphics_Engine\Graphics\Graphics.cpp">
      <Filter>Source Files</Filter>
    </ClCompile>
    <ClCompile Include="Graphics_Engine\Graphics\Textures.cpp">
      <Filter>Source Files</Filter>
    </ClCompile>
    <ClCompile Include="Graphics_Engine\Objects\Car.cpp">
      <Filter>Source Files</Filter>
    </ClCompile>
    <ClCompile Include="Graphics_Engine\Objects\Movable.cpp">
      <Filter>Source Files</Filter>
    </ClCompile>
    <ClCompile Include="Graphics_Engine\Objects\StaticObject.cpp">
      <Filter>Source Files</Filter>
    </ClCompile>
    <ClCompile Include="Graphics_Engine\Physics\Physics.cpp">
      <Filter>Source Files</Filter>
    </ClCompile>
    <ClCompile Include="Graphics_Engine\Sound\Sound.cpp">
      <Filter>Source Files</Filter>
    </ClCompile>
    <ClCompile Include="Graphics_Engine\Space\AABB.cpp">
      <Filter>Source Files</Filter>
    </ClCompile>
    <ClCompile Include="Graphics_Engine\Space\Point.cpp">
      <Filter>Source Files</Filter>
    </ClCompile>
    <ClCompile Include="Graphics_Engine\Space\QuadTree.cpp">
      <Filter>Source Files</Filter>
    </ClCompile>
    <ClCompile Include="Graphics_Engine\Cooldown.cpp">
      <Filter>Source Files</Filter>
    </ClCompile>
    <ClCompile Include="Graphics_Engine\Factory.cpp">
      <Filter>Source Files</Filter>
    </ClCompile>
    <ClCompile Include="Graphics_Engine\GameEngine.cpp">
      <Filter>Source Files</Filter>
    </ClCompile>
    <ClCompile Include="Network_Representation\Agent_Network.h">
      <Filter>Source Files</Filter>
    </ClCompile>
    <ClCompile Include="AI_Elements\Interfaces\GraphicsObserver.h">
      <Filter>Source Files</Filter>
    </ClCompile>
  </ItemGroup>
  <ItemGroup>
    <ClInclude Include="Message_System\message.h">
      <Filter>Header Files</Filter>
    </ClInclude>
    <ClInclude Include="Message_System\MessageGenerator.h">
      <Filter>Header Files</Filter>
    </ClInclude>
    <ClInclude Include="Message_System\MessageParser.h">
      <Filter>Header Files</Filter>
    </ClInclude>
    <ClInclude Include="Message_System\QueueManager.h">
      <Filter>Header Files</Filter>
    </ClInclude>
    <ClInclude Include="Server_Communications\ClientThreadConnection.h">
      <Filter>Header Files</Filter>
    </ClInclude>
    <ClInclude Include="Server_Communications\MainServer.h">
      <Filter>Header Files</Filter>
    </ClInclude>
    <ClInclude Include="Server_Communications\PseudoServer.h">
      <Filter>Header Files</Filter>
    </ClInclude>
    <ClInclude Include="Message_Interpreting_System\Interpreter.h">
      <Filter>Header Files</Filter>
    </ClInclude>
    <ClInclude Include="Header_Files\APH.h">
      <Filter>Header Files</Filter>
    </ClInclude>
    <ClInclude Include="Framework\ConcreteMediator.h">
      <Filter>Header Files</Filter>
    </ClInclude>
    <ClInclude Include="Framework\Framework.h">
      <Filter>Header Files</Filter>
    </ClInclude>
    <ClInclude Include="AI_Elements\agent.h">
      <Filter>Header Files</Filter>
    </ClInclude>
    <ClInclude Include="AI_Elements\agent_parameters.h">
      <Filter>Header Files</Filter>
    </ClInclude>
    <ClInclude Include="AI_Elements\Interfaces\interface_calculatable.h">
      <Filter>Header Files</Filter>
    </ClInclude>
    <ClInclude Include="AI_Elements\Interfaces\distanceCalculatable.h">
      <Filter>Header Files</Filter>
    </ClInclude>
    <ClInclude Include="Framework\Interfaces\Component.h">
      <Filter>Header Files</Filter>
    </ClInclude>
    <ClInclude Include="Framework\Interfaces\interface_runnable.h">
      <Filter>Header Files</Filter>
    </ClInclude>
    <ClInclude Include="Framework\Interfaces\Mediator.h">
      <Filter>Header Files</Filter>
    </ClInclude>
    <ClInclude Include="Server_Communications\Interfaces\Connection.h">
      <Filter>Header Files</Filter>
    </ClInclude>
    <ClInclude Include="Graphics_Engine\Graphics\Graphics.h">
      <Filter>Header Files</Filter>
    </ClInclude>
    <ClInclude Include="Graphics_Engine\Graphics\Textures.h">
      <Filter>Header Files</Filter>
    </ClInclude>
    <ClInclude Include="Graphics_Engine\Interfaces\Actionable.h">
      <Filter>Header Files</Filter>
    </ClInclude>
    <ClInclude Include="Graphics_Engine\Interfaces\Drawable.h">
      <Filter>Header Files</Filter>
    </ClInclude>
    <ClInclude Include="Graphics_Engine\Objects\Car.h">
      <Filter>Header Files</Filter>
    </ClInclude>
    <ClInclude Include="Graphics_Engine\Objects\Movable.h">
      <Filter>Header Files</Filter>
    </ClInclude>
    <ClInclude Include="Graphics_Engine\Objects\Object.h">
      <Filter>Header Files</Filter>
    </ClInclude>
    <ClInclude Include="Graphics_Engine\Objects\StaticObject.h">
      <Filter>Header Files</Filter>
    </ClInclude>
    <ClInclude Include="Graphics_Engine\Physics\Physics.h">
      <Filter>Header Files</Filter>
    </ClInclude>
    <ClInclude Include="Graphics_Engine\Sound\Sound.h">
      <Filter>Header Files</Filter>
    </ClInclude>
    <ClInclude Include="Graphics_Engine\Space\AABB.h">
      <Filter>Header Files</Filter>
    </ClInclude>
    <ClInclude Include="Graphics_Engine\Space\Point.h">
      <Filter>Header Files</Filter>
    </ClInclude>
    <ClInclude Include="Graphics_Engine\Space\QuadTree.h">
      <Filter>Header Files</Filter>
    </ClInclude>
    <ClInclude Include="Graphics_Engine\Cooldown.h">
      <Filter>Header Files</Filter>
    </ClInclude>
    <ClInclude Include="Graphics_Engine\Factory.h">
      <Filter>Header Files</Filter>
    </ClInclude>
    <ClInclude Include="Graphics_Engine\GameEngine.h">
      <Filter>Header Files</Filter>
    </ClInclude>
    <ClInclude Include="Graphics_Engine\Interfaces\Interactable.h">
      <Filter>Header Files</Filter>
    </ClInclude>
    <ClInclude Include="Network_Representation\Network.h">
      <Filter>Header Files</Filter>
    </ClInclude>
  </ItemGroup>
  <ItemGroup>
    <Image Include="car.png">
      <Filter>Resource Files</Filter>
    </Image>
    <Image Include="Loading.png">
      <Filter>Resource Files</Filter>
    </Image>
  </ItemGroup>
  <ItemGroup>
    <None Include="I:\SFML-2.5.1\bin\sfml-audio-2.dll" />
    <None Include="I:\SFML-2.5.1\bin\sfml-audio-d-2.dll" />
    <None Include="I:\SFML-2.5.1\bin\sfml-graphics-2.dll" />
    <None Include="I:\SFML-2.5.1\bin\sfml-graphics-d-2.dll" />
    <None Include="I:\SFML-2.5.1\bin\sfml-network-2.dll" />
    <None Include="I:\SFML-2.5.1\bin\sfml-network-d-2.dll" />
    <None Include="I:\SFML-2.5.1\bin\sfml-system-2.dll" />
    <None Include="I:\SFML-2.5.1\bin\sfml-system-d-2.dll" />
    <None Include="I:\SFML-2.5.1\bin\sfml-window-2.dll" />
    <None Include="I:\SFML-2.5.1\bin\sfml-window-d-2.dll" />
    <None Include="I:\SFML-2.5.1\bin\openal32.dll" />
  </ItemGroup>
  <ItemGroup>
    <Text Include="Readme.txt" />
  </ItemGroup>
</Project>